// !$*UTF8*$!
{
	archiveVersion = 1;
	classes = {
	};
	objectVersion = 51;
	objects = {

/* Begin PBXBuildFile section */
		3319089320E8772E007C679C /* Main.storyboard in Resources */ = {isa = PBXBuildFile; fileRef = 3319089120E8772E007C679C /* Main.storyboard */; };
		3319089520E87731007C679C /* Assets.xcassets in Resources */ = {isa = PBXBuildFile; fileRef = 3319089420E87731007C679C /* Assets.xcassets */; };
		3319089820E87731007C679C /* LaunchScreen.storyboard in Resources */ = {isa = PBXBuildFile; fileRef = 3319089620E87731007C679C /* LaunchScreen.storyboard */; };
		3327AD3621DD97B300A0B604 /* AppDelegate.swift in Sources */ = {isa = PBXBuildFile; fileRef = 3319088D20E8772E007C679C /* AppDelegate.swift */; };
		33350E5221ADB9A500CBC64C /* QueensViewController.swift in Sources */ = {isa = PBXBuildFile; fileRef = 33350E5121ADB9A500CBC64C /* QueensViewController.swift */; };
		33423D2122DE50EA00149D40 /* MainMenuTableViewCell.swift in Sources */ = {isa = PBXBuildFile; fileRef = 33423D2022DE50EA00149D40 /* MainMenuTableViewCell.swift */; };
		3350E55D20F1DDF70093FC96 /* Alert.swift in Sources */ = {isa = PBXBuildFile; fileRef = 3350E55C20F1DDF70093FC96 /* Alert.swift */; };
		33568B7720EC96B300690825 /* PagesViewController.swift in Sources */ = {isa = PBXBuildFile; fileRef = 33568B7620EC96B300690825 /* PagesViewController.swift */; };
		3388BFDD22E17644005B148B /* FormulaViewController.swift in Sources */ = {isa = PBXBuildFile; fileRef = 3388BFDC22E17644005B148B /* FormulaViewController.swift */; };
		339EE48022A703CD00BC73E2 /* light@2x.png in Resources */ = {isa = PBXBuildFile; fileRef = 339EE47C22A703CD00BC73E2 /* light@2x.png */; };
		339EE48122A703CD00BC73E2 /* dark@2x.png in Resources */ = {isa = PBXBuildFile; fileRef = 339EE47D22A703CD00BC73E2 /* dark@2x.png */; };
		339EE48222A703CD00BC73E2 /* dark@3x.png in Resources */ = {isa = PBXBuildFile; fileRef = 339EE47E22A703CD00BC73E2 /* dark@3x.png */; };
		339EE48322A703CD00BC73E2 /* light@3x.png in Resources */ = {isa = PBXBuildFile; fileRef = 339EE47F22A703CD00BC73E2 /* light@3x.png */; };
		339EE48522A7041300BC73E2 /* SettingsViewController.swift in Sources */ = {isa = PBXBuildFile; fileRef = 339EE48422A7041300BC73E2 /* SettingsViewController.swift */; };
		33B727FB20EDC68800AF338A /* HigherLowerViewController.swift in Sources */ = {isa = PBXBuildFile; fileRef = 33B727FA20EDC68800AF338A /* HigherLowerViewController.swift */; };
		33B9FDC720EDDA8200131038 /* MenuViewController.swift in Sources */ = {isa = PBXBuildFile; fileRef = 33B9FDC620EDDA8200131038 /* MenuViewController.swift */; };
		33B9FDC920EDFC1500131038 /* MagicViewController.swift in Sources */ = {isa = PBXBuildFile; fileRef = 33B9FDC820EDFC1500131038 /* MagicViewController.swift */; };
		33ECBA0621AC1BAA003199CB /* Constants.swift in Sources */ = {isa = PBXBuildFile; fileRef = 33ECBA0521AC1BAA003199CB /* Constants.swift */; };
/* End PBXBuildFile section */

/* Begin PBXFileReference section */
		3319088A20E8772E007C679C /* Guess.app */ = {isa = PBXFileReference; explicitFileType = wrapper.application; includeInIndex = 0; path = Guess.app; sourceTree = BUILT_PRODUCTS_DIR; };
		3319088D20E8772E007C679C /* AppDelegate.swift */ = {isa = PBXFileReference; lastKnownFileType = sourcecode.swift; path = AppDelegate.swift; sourceTree = "<group>"; };
		3319089220E8772E007C679C /* Base */ = {isa = PBXFileReference; lastKnownFileType = file.storyboard; name = Base; path = Base.lproj/Main.storyboard; sourceTree = "<group>"; };
		3319089420E87731007C679C /* Assets.xcassets */ = {isa = PBXFileReference; lastKnownFileType = folder.assetcatalog; path = Assets.xcassets; sourceTree = "<group>"; };
		3319089720E87731007C679C /* Base */ = {isa = PBXFileReference; lastKnownFileType = file.storyboard; name = Base; path = Base.lproj/LaunchScreen.storyboard; sourceTree = "<group>"; };
		3319089920E87731007C679C /* Info.plist */ = {isa = PBXFileReference; lastKnownFileType = text.plist.xml; path = Info.plist; sourceTree = "<group>"; };
		33350E5121ADB9A500CBC64C /* QueensViewController.swift */ = {isa = PBXFileReference; lastKnownFileType = sourcecode.swift; path = QueensViewController.swift; sourceTree = "<group>"; };
		33423D2022DE50EA00149D40 /* MainMenuTableViewCell.swift */ = {isa = PBXFileReference; lastKnownFileType = sourcecode.swift; path = MainMenuTableViewCell.swift; sourceTree = "<group>"; };
		3350E55C20F1DDF70093FC96 /* Alert.swift */ = {isa = PBXFileReference; lastKnownFileType = sourcecode.swift; path = Alert.swift; sourceTree = "<group>"; };
		33568B7620EC96B300690825 /* PagesViewController.swift */ = {isa = PBXFileReference; lastKnownFileType = sourcecode.swift; path = PagesViewController.swift; sourceTree = "<group>"; };
		3388BFDC22E17644005B148B /* FormulaViewController.swift */ = {isa = PBXFileReference; fileEncoding = 4; lastKnownFileType = sourcecode.swift; path = FormulaViewController.swift; sourceTree = "<group>"; };
		339EE47C22A703CD00BC73E2 /* light@2x.png */ = {isa = PBXFileReference; lastKnownFileType = image.png; path = "light@2x.png"; sourceTree = "<group>"; };
		339EE47D22A703CD00BC73E2 /* dark@2x.png */ = {isa = PBXFileReference; lastKnownFileType = image.png; path = "dark@2x.png"; sourceTree = "<group>"; };
		339EE47E22A703CD00BC73E2 /* dark@3x.png */ = {isa = PBXFileReference; lastKnownFileType = image.png; path = "dark@3x.png"; sourceTree = "<group>"; };
		339EE47F22A703CD00BC73E2 /* light@3x.png */ = {isa = PBXFileReference; lastKnownFileType = image.png; path = "light@3x.png"; sourceTree = "<group>"; };
		339EE48422A7041300BC73E2 /* SettingsViewController.swift */ = {isa = PBXFileReference; lastKnownFileType = sourcecode.swift; path = SettingsViewController.swift; sourceTree = "<group>"; };
		33B727FA20EDC68800AF338A /* HigherLowerViewController.swift */ = {isa = PBXFileReference; lastKnownFileType = sourcecode.swift; path = HigherLowerViewController.swift; sourceTree = "<group>"; };
		33B9FDC620EDDA8200131038 /* MenuViewController.swift */ = {isa = PBXFileReference; lastKnownFileType = sourcecode.swift; path = MenuViewController.swift; sourceTree = "<group>"; };
		33B9FDC820EDFC1500131038 /* MagicViewController.swift */ = {isa = PBXFileReference; lastKnownFileType = sourcecode.swift; path = MagicViewController.swift; sourceTree = "<group>"; };
		33ECBA0521AC1BAA003199CB /* Constants.swift */ = {isa = PBXFileReference; lastKnownFileType = sourcecode.swift; path = Constants.swift; sourceTree = "<group>"; };
/* End PBXFileReference section */

/* Begin PBXFrameworksBuildPhase section */
		3319088720E8772E007C679C /* Frameworks */ = {
			isa = PBXFrameworksBuildPhase;
			buildActionMask = 2147483647;
			files = (
			);
			runOnlyForDeploymentPostprocessing = 0;
		};
/* End PBXFrameworksBuildPhase section */

/* Begin PBXGroup section */
		3319088120E8772E007C679C = {
			isa = PBXGroup;
			children = (
				3319088D20E8772E007C679C /* AppDelegate.swift */,
				3319088C20E8772E007C679C /* Guess */,
				3319088B20E8772E007C679C /* Products */,
			);
			sourceTree = "<group>";
		};
		3319088B20E8772E007C679C /* Products */ = {
			isa = PBXGroup;
			children = (
				3319088A20E8772E007C679C /* Guess.app */,
			);
			name = Products;
			sourceTree = "<group>";
		};
		3319088C20E8772E007C679C /* Guess */ = {
			isa = PBXGroup;
			children = (
				339EE47B22A7030E00BC73E2 /* AlternateIcon */,
				3350E55B20F1DDEA0093FC96 /* Model */,
				33423D1F22DE50AF00149D40 /* View */,
				3340755820E8C33500EFDAA9 /* Controllers */,
				3340755720E8BD6200EFDAA9 /* Storyboards */,
				3326B5FF21DEBD240093C02C /* Assets */,
				3319089920E87731007C679C /* Info.plist */,
			);
			path = Guess;
			sourceTree = "<group>";
		};
		3326B5FF21DEBD240093C02C /* Assets */ = {
			isa = PBXGroup;
			children = (
				3319089420E87731007C679C /* Assets.xcassets */,
			);
			path = Assets;
			sourceTree = "<group>";
		};
		3340755720E8BD6200EFDAA9 /* Storyboards */ = {
			isa = PBXGroup;
			children = (
				3319089120E8772E007C679C /* Main.storyboard */,
				3319089620E87731007C679C /* LaunchScreen.storyboard */,
			);
			path = Storyboards;
			sourceTree = "<group>";
		};
		3340755820E8C33500EFDAA9 /* Controllers */ = {
			isa = PBXGroup;
			children = (
				33B9FDC620EDDA8200131038 /* MenuViewController.swift */,
				3388BFDC22E17644005B148B /* FormulaViewController.swift */,
				33568B7620EC96B300690825 /* PagesViewController.swift */,
				33350E5121ADB9A500CBC64C /* QueensViewController.swift */,
				33B727FA20EDC68800AF338A /* HigherLowerViewController.swift */,
				33B9FDC820EDFC1500131038 /* MagicViewController.swift */,
				339EE48422A7041300BC73E2 /* SettingsViewController.swift */,
			);
			path = Controllers;
			sourceTree = "<group>";
		};
		33423D1F22DE50AF00149D40 /* View */ = {
			isa = PBXGroup;
			children = (
				33423D2022DE50EA00149D40 /* MainMenuTableViewCell.swift */,
			);
			path = View;
			sourceTree = "<group>";
		};
		3350E55B20F1DDEA0093FC96 /* Model */ = {
			isa = PBXGroup;
			children = (
				3350E55C20F1DDF70093FC96 /* Alert.swift */,
				33ECBA0521AC1BAA003199CB /* Constants.swift */,
			);
			path = Model;
			sourceTree = "<group>";
		};
		339EE47B22A7030E00BC73E2 /* AlternateIcon */ = {
			isa = PBXGroup;
			children = (
				339EE47D22A703CD00BC73E2 /* dark@2x.png */,
				339EE47E22A703CD00BC73E2 /* dark@3x.png */,
				339EE47C22A703CD00BC73E2 /* light@2x.png */,
				339EE47F22A703CD00BC73E2 /* light@3x.png */,
			);
			path = AlternateIcon;
			sourceTree = "<group>";
		};
/* End PBXGroup section */

/* Begin PBXNativeTarget section */
		3319088920E8772E007C679C /* Guess */ = {
			isa = PBXNativeTarget;
			buildConfigurationList = 3319089C20E87731007C679C /* Build configuration list for PBXNativeTarget "Guess" */;
			buildPhases = (
				3319088620E8772E007C679C /* Sources */,
				3319088720E8772E007C679C /* Frameworks */,
				3319088820E8772E007C679C /* Resources */,
				3328F70521B647FE003A8534 /* ShellScript */,
			);
			buildRules = (
			);
			dependencies = (
			);
			name = Guess;
			productName = "Guess My Number Fun";
			productReference = 3319088A20E8772E007C679C /* Guess.app */;
			productType = "com.apple.product-type.application";
		};
/* End PBXNativeTarget section */

/* Begin PBXProject section */
		3319088220E8772E007C679C /* Project object */ = {
			isa = PBXProject;
			attributes = {
				LastSwiftUpdateCheck = 0940;
				LastUpgradeCheck = 0940;
				ORGANIZATIONNAME = "Dani Springer";
				TargetAttributes = {
					3319088920E8772E007C679C = {
						CreatedOnToolsVersion = 9.4.1;
						LastSwiftMigration = 1020;
					};
				};
			};
			buildConfigurationList = 3319088520E8772E007C679C /* Build configuration list for PBXProject "Guess" */;
			compatibilityVersion = "Xcode 10.0";
			developmentRegion = en;
			hasScannedForEncodings = 0;
			knownRegions = (
				en,
				Base,
			);
			mainGroup = 3319088120E8772E007C679C;
			productRefGroup = 3319088B20E8772E007C679C /* Products */;
			projectDirPath = "";
			projectRoot = "";
			targets = (
				3319088920E8772E007C679C /* Guess */,
			);
		};
/* End PBXProject section */

/* Begin PBXResourcesBuildPhase section */
		3319088820E8772E007C679C /* Resources */ = {
			isa = PBXResourcesBuildPhase;
			buildActionMask = 2147483647;
			files = (
				339EE48222A703CD00BC73E2 /* dark@3x.png in Resources */,
				339EE48322A703CD00BC73E2 /* light@3x.png in Resources */,
				339EE48122A703CD00BC73E2 /* dark@2x.png in Resources */,
				339EE48022A703CD00BC73E2 /* light@2x.png in Resources */,
				3319089820E87731007C679C /* LaunchScreen.storyboard in Resources */,
				3319089520E87731007C679C /* Assets.xcassets in Resources */,
				3319089320E8772E007C679C /* Main.storyboard in Resources */,
			);
			runOnlyForDeploymentPostprocessing = 0;
		};
/* End PBXResourcesBuildPhase section */

/* Begin PBXShellScriptBuildPhase section */
		3328F70521B647FE003A8534 /* ShellScript */ = {
			isa = PBXShellScriptBuildPhase;
			buildActionMask = 2147483647;
			files = (
			);
			inputFileListPaths = (
			);
			inputPaths = (
			);
			outputFileListPaths = (
			);
			outputPaths = (
			);
			runOnlyForDeploymentPostprocessing = 0;
			shellPath = /bin/sh;
			shellScript = "# Type a script or drag a script file from your workspace to insert its path.\nif which swiftlint >/dev/null; then\nswiftlint\nelse\necho \"warning: SwiftLint not installed, download from https://github.com/realm/SwiftLint\"\nfi\n";
		};
/* End PBXShellScriptBuildPhase section */

/* Begin PBXSourcesBuildPhase section */
		3319088620E8772E007C679C /* Sources */ = {
			isa = PBXSourcesBuildPhase;
			buildActionMask = 2147483647;
			files = (
				3350E55D20F1DDF70093FC96 /* Alert.swift in Sources */,
				33568B7720EC96B300690825 /* PagesViewController.swift in Sources */,
				3388BFDD22E17644005B148B /* FormulaViewController.swift in Sources */,
				339EE48522A7041300BC73E2 /* SettingsViewController.swift in Sources */,
				33B9FDC720EDDA8200131038 /* MenuViewController.swift in Sources */,
				33B9FDC920EDFC1500131038 /* MagicViewController.swift in Sources */,
				33350E5221ADB9A500CBC64C /* QueensViewController.swift in Sources */,
				33B727FB20EDC68800AF338A /* HigherLowerViewController.swift in Sources */,
				33ECBA0621AC1BAA003199CB /* Constants.swift in Sources */,
				3327AD3621DD97B300A0B604 /* AppDelegate.swift in Sources */,
				33423D2122DE50EA00149D40 /* MainMenuTableViewCell.swift in Sources */,
			);
			runOnlyForDeploymentPostprocessing = 0;
		};
/* End PBXSourcesBuildPhase section */

/* Begin PBXVariantGroup section */
		3319089120E8772E007C679C /* Main.storyboard */ = {
			isa = PBXVariantGroup;
			children = (
				3319089220E8772E007C679C /* Base */,
			);
			name = Main.storyboard;
			sourceTree = "<group>";
		};
		3319089620E87731007C679C /* LaunchScreen.storyboard */ = {
			isa = PBXVariantGroup;
			children = (
				3319089720E87731007C679C /* Base */,
			);
			name = LaunchScreen.storyboard;
			sourceTree = "<group>";
		};
/* End PBXVariantGroup section */

/* Begin XCBuildConfiguration section */
		3319089A20E87731007C679C /* Debug */ = {
			isa = XCBuildConfiguration;
			buildSettings = {
				ALWAYS_SEARCH_USER_PATHS = NO;
				CLANG_ANALYZER_NONNULL = YES;
				CLANG_ANALYZER_NUMBER_OBJECT_CONVERSION = YES_AGGRESSIVE;
				CLANG_CXX_LANGUAGE_STANDARD = "gnu++14";
				CLANG_CXX_LIBRARY = "libc++";
				CLANG_ENABLE_MODULES = YES;
				CLANG_ENABLE_OBJC_ARC = YES;
				CLANG_ENABLE_OBJC_WEAK = YES;
				CLANG_WARN_BLOCK_CAPTURE_AUTORELEASING = YES;
				CLANG_WARN_BOOL_CONVERSION = YES;
				CLANG_WARN_COMMA = YES;
				CLANG_WARN_CONSTANT_CONVERSION = YES;
				CLANG_WARN_DEPRECATED_OBJC_IMPLEMENTATIONS = YES;
				CLANG_WARN_DIRECT_OBJC_ISA_USAGE = YES_ERROR;
				CLANG_WARN_DOCUMENTATION_COMMENTS = YES;
				CLANG_WARN_EMPTY_BODY = YES;
				CLANG_WARN_ENUM_CONVERSION = YES;
				CLANG_WARN_INFINITE_RECURSION = YES;
				CLANG_WARN_INT_CONVERSION = YES;
				CLANG_WARN_NON_LITERAL_NULL_CONVERSION = YES;
				CLANG_WARN_OBJC_IMPLICIT_RETAIN_SELF = YES;
				CLANG_WARN_OBJC_LITERAL_CONVERSION = YES;
				CLANG_WARN_OBJC_ROOT_CLASS = YES_ERROR;
				CLANG_WARN_RANGE_LOOP_ANALYSIS = YES;
				CLANG_WARN_STRICT_PROTOTYPES = YES;
				CLANG_WARN_SUSPICIOUS_MOVE = YES;
				CLANG_WARN_UNGUARDED_AVAILABILITY = YES_AGGRESSIVE;
				CLANG_WARN_UNREACHABLE_CODE = YES;
				CLANG_WARN__DUPLICATE_METHOD_MATCH = YES;
				CODE_SIGN_IDENTITY = "iPhone Developer";
				COPY_PHASE_STRIP = NO;
				DEBUG_INFORMATION_FORMAT = dwarf;
				ENABLE_STRICT_OBJC_MSGSEND = YES;
				ENABLE_TESTABILITY = YES;
				GCC_C_LANGUAGE_STANDARD = gnu11;
				GCC_DYNAMIC_NO_PIC = NO;
				GCC_NO_COMMON_BLOCKS = YES;
				GCC_OPTIMIZATION_LEVEL = 0;
				GCC_PREPROCESSOR_DEFINITIONS = (
					"DEBUG=1",
					"$(inherited)",
				);
				GCC_WARN_64_TO_32_BIT_CONVERSION = YES;
				GCC_WARN_ABOUT_RETURN_TYPE = YES_ERROR;
				GCC_WARN_UNDECLARED_SELECTOR = YES;
				GCC_WARN_UNINITIALIZED_AUTOS = YES_AGGRESSIVE;
				GCC_WARN_UNUSED_FUNCTION = YES;
				GCC_WARN_UNUSED_VARIABLE = YES;
				IPHONEOS_DEPLOYMENT_TARGET = 13.0;
				MTL_ENABLE_DEBUG_INFO = YES;
				ONLY_ACTIVE_ARCH = YES;
				SDKROOT = iphoneos;
				SWIFT_ACTIVE_COMPILATION_CONDITIONS = DEBUG;
				SWIFT_OPTIMIZATION_LEVEL = "-Onone";
			};
			name = Debug;
		};
		3319089B20E87731007C679C /* Release */ = {
			isa = XCBuildConfiguration;
			buildSettings = {
				ALWAYS_SEARCH_USER_PATHS = NO;
				CLANG_ANALYZER_NONNULL = YES;
				CLANG_ANALYZER_NUMBER_OBJECT_CONVERSION = YES_AGGRESSIVE;
				CLANG_CXX_LANGUAGE_STANDARD = "gnu++14";
				CLANG_CXX_LIBRARY = "libc++";
				CLANG_ENABLE_MODULES = YES;
				CLANG_ENABLE_OBJC_ARC = YES;
				CLANG_ENABLE_OBJC_WEAK = YES;
				CLANG_WARN_BLOCK_CAPTURE_AUTORELEASING = YES;
				CLANG_WARN_BOOL_CONVERSION = YES;
				CLANG_WARN_COMMA = YES;
				CLANG_WARN_CONSTANT_CONVERSION = YES;
				CLANG_WARN_DEPRECATED_OBJC_IMPLEMENTATIONS = YES;
				CLANG_WARN_DIRECT_OBJC_ISA_USAGE = YES_ERROR;
				CLANG_WARN_DOCUMENTATION_COMMENTS = YES;
				CLANG_WARN_EMPTY_BODY = YES;
				CLANG_WARN_ENUM_CONVERSION = YES;
				CLANG_WARN_INFINITE_RECURSION = YES;
				CLANG_WARN_INT_CONVERSION = YES;
				CLANG_WARN_NON_LITERAL_NULL_CONVERSION = YES;
				CLANG_WARN_OBJC_IMPLICIT_RETAIN_SELF = YES;
				CLANG_WARN_OBJC_LITERAL_CONVERSION = YES;
				CLANG_WARN_OBJC_ROOT_CLASS = YES_ERROR;
				CLANG_WARN_RANGE_LOOP_ANALYSIS = YES;
				CLANG_WARN_STRICT_PROTOTYPES = YES;
				CLANG_WARN_SUSPICIOUS_MOVE = YES;
				CLANG_WARN_UNGUARDED_AVAILABILITY = YES_AGGRESSIVE;
				CLANG_WARN_UNREACHABLE_CODE = YES;
				CLANG_WARN__DUPLICATE_METHOD_MATCH = YES;
				CODE_SIGN_IDENTITY = "iPhone Developer";
				COPY_PHASE_STRIP = NO;
				DEBUG_INFORMATION_FORMAT = "dwarf-with-dsym";
				ENABLE_NS_ASSERTIONS = NO;
				ENABLE_STRICT_OBJC_MSGSEND = YES;
				GCC_C_LANGUAGE_STANDARD = gnu11;
				GCC_NO_COMMON_BLOCKS = YES;
				GCC_WARN_64_TO_32_BIT_CONVERSION = YES;
				GCC_WARN_ABOUT_RETURN_TYPE = YES_ERROR;
				GCC_WARN_UNDECLARED_SELECTOR = YES;
				GCC_WARN_UNINITIALIZED_AUTOS = YES_AGGRESSIVE;
				GCC_WARN_UNUSED_FUNCTION = YES;
				GCC_WARN_UNUSED_VARIABLE = YES;
				IPHONEOS_DEPLOYMENT_TARGET = 13.0;
				MTL_ENABLE_DEBUG_INFO = NO;
				SDKROOT = iphoneos;
				SWIFT_COMPILATION_MODE = wholemodule;
				SWIFT_OPTIMIZATION_LEVEL = "-O";
				VALIDATE_PRODUCT = YES;
			};
			name = Release;
		};
		3319089D20E87731007C679C /* Debug */ = {
			isa = XCBuildConfiguration;
			buildSettings = {
				ASSETCATALOG_COMPILER_APPICON_NAME = AppIcon;
				CODE_SIGN_STYLE = Automatic;
				DEVELOPMENT_TEAM = JMVGHP3288;
				INFOPLIST_FILE = Guess/Info.plist;
				IPHONEOS_DEPLOYMENT_TARGET = 13.0;
				LD_RUNPATH_SEARCH_PATHS = (
					"$(inherited)",
					"@executable_path/Frameworks",
				);
				MARKETING_VERSION = 4.0.0;
				PRODUCT_BUNDLE_IDENTIFIER = "io.github.danispringer.Guess-My-Number-Fun";
				PRODUCT_NAME = "$(TARGET_NAME)";
				SWIFT_VERSION = 5.0;
				TARGETED_DEVICE_FAMILY = "1,2";
			};
			name = Debug;
		};
		3319089E20E87731007C679C /* Release */ = {
			isa = XCBuildConfiguration;
			buildSettings = {
				ASSETCATALOG_COMPILER_APPICON_NAME = AppIcon;
				CODE_SIGN_STYLE = Automatic;
				DEVELOPMENT_TEAM = JMVGHP3288;
				INFOPLIST_FILE = Guess/Info.plist;
				IPHONEOS_DEPLOYMENT_TARGET = 13.0;
				LD_RUNPATH_SEARCH_PATHS = (
					"$(inherited)",
					"@executable_path/Frameworks",
				);
				MARKETING_VERSION = 4.0.0;
				PRODUCT_BUNDLE_IDENTIFIER = "io.github.danispringer.Guess-My-Number-Fun";
				PRODUCT_NAME = "$(TARGET_NAME)";
				SWIFT_VERSION = 5.0;
				TARGETED_DEVICE_FAMILY = "1,2";
			};
			name = Release;
		};
/* End XCBuildConfiguration section */

/* Begin XCConfigurationList section */
		3319088520E8772E007C679C /* Build configuration list for PBXProject "Guess" */ = {
			isa = XCConfigurationList;
			buildConfigurations = (
				3319089A20E87731007C679C /* Debug */,
				3319089B20E87731007C679C /* Release */,
			);
			defaultConfigurationIsVisible = 0;
			defaultConfigurationName = Release;
		};
		3319089C20E87731007C679C /* Build configuration list for PBXNativeTarget "Guess" */ = {
			isa = XCConfigurationList;
			buildConfigurations = (
				3319089D20E87731007C679C /* Debug */,
				3319089E20E87731007C679C /* Release */,
			);
			defaultConfigurationIsVisible = 0;
			defaultConfigurationName = Release;
		};
/* End XCConfigurationList section */
	};
	rootObject = 3319088220E8772E007C679C /* Project object */;
}
